
Microsoft Visual Studio Solution File, Format Version 12.00
# Visual Studio 15
Project("{FAE04EC0-301F-11D3-BF4B-00C04F79EFBC}") = "Assembly-CSharp", "Assembly-CSharp.csproj", "{28AAA30D-F58C-B068-9FFB-C3008DEEFD23}"
EndProject
Project("{FAE04EC0-301F-11D3-BF4B-00C04F79EFBC}") = "PandaBehaviour", "PandaBehaviour.csproj", "{CF229EE4-A2DB-1AA3-B6C7-68F135FAB43E}"
EndProject
Project("{FAE04EC0-301F-11D3-BF4B-00C04F79EFBC}") = "PandaBehaviourEditor", "PandaBehaviourEditor.csproj", "{A45D6A8B-04EE-7625-A8A8-D20F95429C64}"
EndProject
Global
	GlobalSection(SolutionConfigurationPlatforms) = preSolution
		Debug|Any CPU = Debug|Any CPU
		Release|Any CPU = Release|Any CPU
	EndGlobalSection
	GlobalSection(ProjectConfigurationPlatforms) = postSolution
		{28AAA30D-F58C-B068-9FFB-C3008DEEFD23}.Debug|Any CPU.ActiveCfg = Debug|Any CPU
		{28AAA30D-F58C-B068-9FFB-C3008DEEFD23}.Debug|Any CPU.Build.0 = Debug|Any CPU
		{28AAA30D-F58C-B068-9FFB-C3008DEEFD23}.Release|Any CPU.ActiveCfg = Release|Any CPU
		{28AAA30D-F58C-B068-9FFB-C3008DEEFD23}.Release|Any CPU.Build.0 = Release|Any CPU
		{CF229EE4-A2DB-1AA3-B6C7-68F135FAB43E}.Debug|Any CPU.ActiveCfg = Debug|Any CPU
		{CF229EE4-A2DB-1AA3-B6C7-68F135FAB43E}.Debug|Any CPU.Build.0 = Debug|Any CPU
		{CF229EE4-A2DB-1AA3-B6C7-68F135FAB43E}.Release|Any CPU.ActiveCfg = Release|Any CPU
		{CF229EE4-A2DB-1AA3-B6C7-68F135FAB43E}.Release|Any CPU.Build.0 = Release|Any CPU
		{A45D6A8B-04EE-7625-A8A8-D20F95429C64}.Debug|Any CPU.ActiveCfg = Debug|Any CPU
		{A45D6A8B-04EE-7625-A8A8-D20F95429C64}.Debug|Any CPU.Build.0 = Debug|Any CPU
		{A45D6A8B-04EE-7625-A8A8-D20F95429C64}.Release|Any CPU.ActiveCfg = Release|Any CPU
		{A45D6A8B-04EE-7625-A8A8-D20F95429C64}.Release|Any CPU.Build.0 = Release|Any CPU
	EndGlobalSection
	GlobalSection(SolutionProperties) = preSolution
		HideSolutionNode = FALSE
	EndGlobalSection
EndGlobal
